
Microsoft Visual Studio Solution File, Format Version 12.00
# Visual Studio Version 16
VisualStudioVersion = 16.0.31129.286
MinimumVisualStudioVersion = 10.0.40219.1
Project("{FAE04EC0-301F-11D3-BF4B-00C04F79EFBC}") = "BalancePlatform", "BalancePlatform\BalancePlatform.csproj", "{A4EB4A2E-B4A8-46DF-AB4E-B2DC8044469F}"
EndProject
Project("{00D1A9C2-B5F0-4AF3-8072-F6C62B433612}") = "BalancePlatform.DB", "BalancePlatform.DB\BalancePlatform.DB.sqlproj", "{1E944503-39E6-4C3C-873D-90015ABF0824}"
EndProject
Global
	GlobalSection(SolutionConfigurationPlatforms) = preSolution
		Debug|Any CPU = Debug|Any CPU
		Release|Any CPU = Release|Any CPU
	EndGlobalSection
	GlobalSection(ProjectConfigurationPlatforms) = postSolution
		{A4EB4A2E-B4A8-46DF-AB4E-B2DC8044469F}.Debug|Any CPU.ActiveCfg = Debug|Any CPU
		{A4EB4A2E-B4A8-46DF-AB4E-B2DC8044469F}.Debug|Any CPU.Build.0 = Debug|Any CPU
		{A4EB4A2E-B4A8-46DF-AB4E-B2DC8044469F}.Release|Any CPU.ActiveCfg = Release|Any CPU
		{A4EB4A2E-B4A8-46DF-AB4E-B2DC8044469F}.Release|Any CPU.Build.0 = Release|Any CPU
		{1E944503-39E6-4C3C-873D-90015ABF0824}.Debug|Any CPU.ActiveCfg = Debug|Any CPU
		{1E944503-39E6-4C3C-873D-90015ABF0824}.Debug|Any CPU.Build.0 = Debug|Any CPU
		{1E944503-39E6-4C3C-873D-90015ABF0824}.Debug|Any CPU.Deploy.0 = Debug|Any CPU
		{1E944503-39E6-4C3C-873D-90015ABF0824}.Release|Any CPU.ActiveCfg = Release|Any CPU
		{1E944503-39E6-4C3C-873D-90015ABF0824}.Release|Any CPU.Build.0 = Release|Any CPU
		{1E944503-39E6-4C3C-873D-90015ABF0824}.Release|Any CPU.Deploy.0 = Release|Any CPU
	EndGlobalSection
	GlobalSection(SolutionProperties) = preSolution
		HideSolutionNode = FALSE
	EndGlobalSection
	GlobalSection(ExtensibilityGlobals) = postSolution
		SolutionGuid = {FC7BDF04-F156-4EB2-8B71-9D1C41FEE79E}
	EndGlobalSection
EndGlobal
